
Microsoft Visual Studio Solution File, Format Version 12.00
# Visual Studio 14
VisualStudioVersion = 14.0.23107.0
MinimumVisualStudioVersion = 10.0.40219.1
Project("{8BC9CEB8-8B4A-11D0-8D11-00A0C91BC942}") = "HandmadeHero", "HandmadeHero\HandmadeHero.vcxproj", "{C1B8B1D6-89AD-4C3D-9B06-65AC2B2867A2}"
EndProject
Project("{2150E333-8FDC-42A3-9474-1A3956D46DE8}") = "Solution Items", "Solution Items", "{B14B50D5-07FE-47D7-9F10-8E92C36D9141}"
	ProjectSection(SolutionItems) = preProject
		README.md = README.md
	EndProjectSection
EndProject
Global
	GlobalSection(SolutionConfigurationPlatforms) = preSolution
		Debug|Win32 = Debug|Win32
		Release|Win32 = Release|Win32
	EndGlobalSection
	GlobalSection(ProjectConfigurationPlatforms) = postSolution
		{C1B8B1D6-89AD-4C3D-9B06-65AC2B2867A2}.Debug|Win32.ActiveCfg = Debug|Win32
		{C1B8B1D6-89AD-4C3D-9B06-65AC2B2867A2}.Debug|Win32.Build.0 = Debug|Win32
		{C1B8B1D6-89AD-4C3D-9B06-65AC2B2867A2}.Release|Win32.ActiveCfg = Release|Win32
		{C1B8B1D6-89AD-4C3D-9B06-65AC2B2867A2}.Release|Win32.Build.0 = Release|Win32
	EndGlobalSection
	GlobalSection(SolutionProperties) = preSolution
		HideSolutionNode = FALSE
	EndGlobalSection
EndGlobal
